
Microsoft Visual Studio Solution File, Format Version 12.00
# Visual Studio Version 17
VisualStudioVersion = 17.14.36121.58
MinimumVisualStudioVersion = 10.0.40219.1
Project("{8BC9CEB8-8B4A-11D0-8D11-00A0C91BC942}") = "Engine", "Engine\Engine.vcxproj", "{E727FBB9-EA22-4D44-9F30-4EED0A3CF140}"
EndProject
Project("{8BC9CEB8-8B4A-11D0-8D11-00A0C91BC942}") = "Client", "Client\Client.vcxproj", "{B3E4BBCE-7CA9-4C85-9DA3-F2A588A936F6}"
	ProjectSection(ProjectDependencies) = postProject
		{E727FBB9-EA22-4D44-9F30-4EED0A3CF140} = {E727FBB9-EA22-4D44-9F30-4EED0A3CF140}
	EndProjectSection
EndProject
Global
	GlobalSection(SolutionConfigurationPlatforms) = preSolution
		Debug|Any CPU = Debug|Any CPU
		Debug|x64 = Debug|x64
		Debug|x86 = Debug|x86
		Release|Any CPU = Release|Any CPU
		Release|x64 = Release|x64
		Release|x86 = Release|x86
	EndGlobalSection
	GlobalSection(ProjectConfigurationPlatforms) = postSolution
		{E727FBB9-EA22-4D44-9F30-4EED0A3CF140}.Debug|Any CPU.ActiveCfg = Debug|Win32
		{E727FBB9-EA22-4D44-9F30-4EED0A3CF140}.Debug|x64.ActiveCfg = Debug|x64
		{E727FBB9-EA22-4D44-9F30-4EED0A3CF140}.Debug|x64.Build.0 = Debug|x64
		{E727FBB9-EA22-4D44-9F30-4EED0A3CF140}.Debug|x86.ActiveCfg = Debug|Win32
		{E727FBB9-EA22-4D44-9F30-4EED0A3CF140}.Debug|x86.Build.0 = Debug|Win32
		{E727FBB9-EA22-4D44-9F30-4EED0A3CF140}.Release|Any CPU.ActiveCfg = Release|Win32
		{E727FBB9-EA22-4D44-9F30-4EED0A3CF140}.Release|x64.ActiveCfg = Release|x64
		{E727FBB9-EA22-4D44-9F30-4EED0A3CF140}.Release|x64.Build.0 = Release|x64
		{E727FBB9-EA22-4D44-9F30-4EED0A3CF140}.Release|x86.ActiveCfg = Release|Win32
		{E727FBB9-EA22-4D44-9F30-4EED0A3CF140}.Release|x86.Build.0 = Release|Win32
		{B3E4BBCE-7CA9-4C85-9DA3-F2A588A936F6}.Debug|Any CPU.ActiveCfg = Debug|Win32
		{B3E4BBCE-7CA9-4C85-9DA3-F2A588A936F6}.Debug|x64.ActiveCfg = Debug|x64
		{B3E4BBCE-7CA9-4C85-9DA3-F2A588A936F6}.Debug|x64.Build.0 = Debug|x64
		{B3E4BBCE-7CA9-4C85-9DA3-F2A588A936F6}.Debug|x86.ActiveCfg = Debug|Win32
		{B3E4BBCE-7CA9-4C85-9DA3-F2A588A936F6}.Debug|x86.Build.0 = Debug|Win32
		{B3E4BBCE-7CA9-4C85-9DA3-F2A588A936F6}.Release|Any CPU.ActiveCfg = Release|Win32
		{B3E4BBCE-7CA9-4C85-9DA3-F2A588A936F6}.Release|x64.ActiveCfg = Release|x64
		{B3E4BBCE-7CA9-4C85-9DA3-F2A588A936F6}.Release|x64.Build.0 = Release|x64
		{B3E4BBCE-7CA9-4C85-9DA3-F2A588A936F6}.Release|x86.ActiveCfg = Release|Win32
		{B3E4BBCE-7CA9-4C85-9DA3-F2A588A936F6}.Release|x86.Build.0 = Release|Win32
	EndGlobalSection
	GlobalSection(SolutionProperties) = preSolution
		HideSolutionNode = FALSE
	EndGlobalSection
	GlobalSection(ExtensibilityGlobals) = postSolution
		SolutionGuid = {909E91EB-A3BE-4ED4-897C-EDB133774D7F}
	EndGlobalSection
EndGlobal
