<?xml version="1.0" encoding="utf-8"?>
<Project ToolsVersion="4.0" xmlns="http://schemas.microsoft.com/developer/msbuild/2003">
  <ItemGroup>
    <Filter Include="리소스 파일">
      <UniqueIdentifier>{67DA6AB6-F800-4c08-8B7A-83BB121AAD01}</UniqueIdentifier>
      <Extensions>rc;ico;cur;bmp;dlg;rc2;rct;bin;rgs;gif;jpg;jpeg;jpe;resx;tiff;tif;png;wav;mfcribbon-ms</Extensions>
    </Filter>
    <Filter Include="헤더 파일">
      <UniqueIdentifier>{93995380-89BD-4b04-88EB-625FBE52EBFB}</UniqueIdentifier>
      <Extensions>h;hh;hpp;hxx;hm;inl;inc;xsd</Extensions>
    </Filter>
    <Filter Include="Module">
      <UniqueIdentifier>{516e4602-b0ad-4400-be5f-767b8bbfca65}</UniqueIdentifier>
    </Filter>
    <Filter Include="Module\Framework">
      <UniqueIdentifier>{744cf13c-7eed-4102-b6f5-a6dad5a8f88b}</UniqueIdentifier>
    </Filter>
    <Filter Include="Module\Framework\MainGame">
      <UniqueIdentifier>{c6009db7-cc65-43e5-84d9-4ee417a8c830}</UniqueIdentifier>
    </Filter>
    <Filter Include="Module\Framework\Component">
      <UniqueIdentifier>{791c24a8-d760-418f-9e1d-d9106eb0319e}</UniqueIdentifier>
    </Filter>
    <Filter Include="Module\Core">
      <UniqueIdentifier>{a2100624-8ec7-4a3a-930c-588679804b6c}</UniqueIdentifier>
    </Filter>
    <Filter Include="Module\Core\template">
      <UniqueIdentifier>{b9c2e0d2-4ba9-42a0-9f22-8edc4f467a4b}</UniqueIdentifier>
    </Filter>
    <Filter Include="Module\System">
      <UniqueIdentifier>{5c0ebaea-881e-45e1-8d90-3277ec7b166e}</UniqueIdentifier>
    </Filter>
    <Filter Include="Module\System\Timer">
      <UniqueIdentifier>{6a1f470f-89c6-4367-8ef4-4802d6da78dc}</UniqueIdentifier>
    </Filter>
    <Filter Include="Module\System\Frame">
      <UniqueIdentifier>{d6117e31-0c75-4915-aac0-5cfa2125b173}</UniqueIdentifier>
    </Filter>
    <Filter Include="Module\Launch">
      <UniqueIdentifier>{a0b365b4-8819-4302-a933-df1603b8a106}</UniqueIdentifier>
    </Filter>
    <Filter Include="Module\Utility">
      <UniqueIdentifier>{c6f3eb01-0e2f-4f90-aec7-6fe8b48e44a0}</UniqueIdentifier>
    </Filter>
    <Filter Include="Module\Graphics">
      <UniqueIdentifier>{ca02078a-0659-4518-a729-b9878d0ccb7e}</UniqueIdentifier>
    </Filter>
    <Filter Include="Module\Framework\Component\SceneComponent">
      <UniqueIdentifier>{804a531e-3813-46e7-9a83-58152c5c7fd0}</UniqueIdentifier>
    </Filter>
    <Filter Include="Module\Framework\Actor">
      <UniqueIdentifier>{0fa8e4fd-cb8b-4f73-a835-a3e9cfd1f0b9}</UniqueIdentifier>
    </Filter>
    <Filter Include="Module\Framework\Component\SceneComponent\PrimitiveCompoent">
      <UniqueIdentifier>{646dd6f3-3ad4-4c68-b72f-6f76bed6e7cb}</UniqueIdentifier>
    </Filter>
    <Filter Include="Module\Framework\Component\SceneComponent\PrimitiveCompoent\TerrainComponent">
      <UniqueIdentifier>{c56a8f6f-ebff-4e95-997f-d9dbdc89e436}</UniqueIdentifier>
    </Filter>
    <Filter Include="Module\Framework\Component\SceneComponent\PrimitiveCompoent\MeshComponent">
      <UniqueIdentifier>{b7f6718d-37da-41f0-9e4e-3a45544ae5c2}</UniqueIdentifier>
    </Filter>
    <Filter Include="Module\Framework\Component\SceneComponent\CameraComponent">
      <UniqueIdentifier>{21d78aac-5da9-4a33-a18e-094c79dc5ebf}</UniqueIdentifier>
    </Filter>
    <Filter Include="Module\Framework\Actor\Camera">
      <UniqueIdentifier>{425796dc-61b6-45e4-a65b-86d4f8361578}</UniqueIdentifier>
    </Filter>
    <Filter Include="Module\System\Thread">
      <UniqueIdentifier>{262611cc-deb2-4925-9d27-9b9ca1efcc36}</UniqueIdentifier>
    </Filter>
    <Filter Include="Module\System\ThreadPool">
      <UniqueIdentifier>{3a864e4b-b3a8-4778-92ea-13da56a03692}</UniqueIdentifier>
    </Filter>
    <Filter Include="Module\System\Window">
      <UniqueIdentifier>{466bcade-0ebd-4554-ac62-fad2537f430d}</UniqueIdentifier>
    </Filter>
    <Filter Include="Module\Input">
      <UniqueIdentifier>{0c2b556b-5120-4867-ae5f-88fe750dc29d}</UniqueIdentifier>
    </Filter>
    <Filter Include="Module\System\File">
      <UniqueIdentifier>{9a169f7a-d291-4820-a196-0ccfe74cb404}</UniqueIdentifier>
    </Filter>
    <Filter Include="Module\MoonEngine">
      <UniqueIdentifier>{895a998f-6eb0-4fd0-85da-5756ce5bffdb}</UniqueIdentifier>
    </Filter>
    <Filter Include="Module\Framework\Component\SceneComponent\LightComponent">
      <UniqueIdentifier>{20c085b1-1ab8-4843-a219-fc1896cca29f}</UniqueIdentifier>
    </Filter>
    <Filter Include="Module\Framework\Component\SceneComponent\LightComponent\DirectionalLightComponent">
      <UniqueIdentifier>{08ff1173-7d7f-4984-99bb-7252b9710eb1}</UniqueIdentifier>
    </Filter>
    <Filter Include="Module\Framework\Component\SceneComponent\LightComponent\PointLightComponent">
      <UniqueIdentifier>{8d13c27a-287b-47f4-8ed9-68f9492ec2f0}</UniqueIdentifier>
    </Filter>
    <Filter Include="Module\Graphics\Buffer">
      <UniqueIdentifier>{4d0ae518-9a78-4b0c-b869-9392d899bb8d}</UniqueIdentifier>
    </Filter>
    <Filter Include="Module\Framework\Component\SceneComponent\PrimitiveCompoent\MeshComponent\StaticMeshComopnent">
      <UniqueIdentifier>{d7f0624b-a4ec-4e30-9518-01ca87728ab8}</UniqueIdentifier>
    </Filter>
    <Filter Include="Module\Framework\Component\SceneComponent\PrimitiveCompoent\MeshComponent\DynamicMeshComponent">
      <UniqueIdentifier>{f1e831b6-d990-4448-8368-6004027cfccb}</UniqueIdentifier>
    </Filter>
    <Filter Include="Module\Material">
      <UniqueIdentifier>{df3170ab-7971-4609-ab36-803b4ad66cd6}</UniqueIdentifier>
    </Filter>
    <Filter Include="Module\Render">
      <UniqueIdentifier>{0ad1672a-f524-46c1-a772-e34d3bced7b8}</UniqueIdentifier>
    </Filter>
    <Filter Include="Module\Render\RenderTarget">
      <UniqueIdentifier>{818f2817-ac1f-4bb7-bf93-6aea28429176}</UniqueIdentifier>
    </Filter>
    <Filter Include="Module\Render\RenderPass">
      <UniqueIdentifier>{8d181add-9a54-4fc9-a5e0-cafc3420c93c}</UniqueIdentifier>
    </Filter>
    <Filter Include="Module\Render\RenderPass\Combine">
      <UniqueIdentifier>{a5c085f6-090f-4d2a-83dc-60a80c5eb74d}</UniqueIdentifier>
    </Filter>
    <Filter Include="Module\Render\Renderer">
      <UniqueIdentifier>{88f578d4-480d-41da-b3fd-8242c06dc4a9}</UniqueIdentifier>
    </Filter>
    <Filter Include="Module\Graphics\Shader">
      <UniqueIdentifier>{687ee663-5f7d-4461-affc-dd55914615e0}</UniqueIdentifier>
    </Filter>
    <Filter Include="Module\Graphics\Shader\Vertex">
      <UniqueIdentifier>{0786ad9c-77f8-44b0-9b01-cf3d59a98ca8}</UniqueIdentifier>
    </Filter>
    <Filter Include="Module\Graphics\Shader\Pixel">
      <UniqueIdentifier>{58ad6522-0dab-41c7-9e20-25fce008ca95}</UniqueIdentifier>
    </Filter>
    <Filter Include="Module\Graphics\Shader\Vertex\hlsl">
      <UniqueIdentifier>{826df07d-68d7-4705-a723-10c762442bbf}</UniqueIdentifier>
    </Filter>
    <Filter Include="Module\Graphics\Shader\Pixel\hlsl">
      <UniqueIdentifier>{50a12c2c-2c8b-49a3-9e6b-38937eacd832}</UniqueIdentifier>
    </Filter>
    <Filter Include="Module\Graphics\Shader\Common">
      <UniqueIdentifier>{0ac45d8b-e774-4628-a4fd-fd96b33a5287}</UniqueIdentifier>
    </Filter>
    <Filter Include="Module\Framework\Component\SceneComponent\PrimitiveCompoent\ShapeComponent">
      <UniqueIdentifier>{914d0aa0-ea37-480e-87e8-d27c2238583b}</UniqueIdentifier>
    </Filter>
    <Filter Include="Module\Graphics\Shader\Geometry">
      <UniqueIdentifier>{ef84680b-ad08-40ee-a625-daf5e5100d01}</UniqueIdentifier>
    </Filter>
    <Filter Include="Module\Graphics\Shader\Geometry\hlsl">
      <UniqueIdentifier>{6247a28a-faab-4293-82ea-4e32dd8e09f3}</UniqueIdentifier>
    </Filter>
  </ItemGroup>
  <ItemGroup>
    <ClInclude Include="Timer.h">
      <Filter>Module\System\Timer</Filter>
    </ClInclude>
    <ClInclude Include="TimerManager.h">
      <Filter>Module\System\Timer</Filter>
    </ClInclude>
    <ClInclude Include="stdafx.h">
      <Filter>헤더 파일</Filter>
    </ClInclude>
    <ClInclude Include="FrameManager.h">
      <Filter>Module\System\Frame</Filter>
    </ClInclude>
    <ClInclude Include="WindowManager.h">
      <Filter>Module\System\Window</Filter>
    </ClInclude>
    <ClInclude Include="Window.h">
      <Filter>Module\System\Window</Filter>
    </ClInclude>
    <ClInclude Include="MapUtility.h">
      <Filter>Module\Utility</Filter>
    </ClInclude>
    <ClInclude Include="Component.h">
      <Filter>Module\Framework\Component</Filter>
    </ClInclude>
    <ClInclude Include="Manager.h">
      <Filter>Module\Core\template</Filter>
    </ClInclude>
    <ClInclude Include="Singleton.h">
      <Filter>Module\Core\template</Filter>
    </ClInclude>
    <ClInclude Include="MainGame.h">
      <Filter>Module\Framework\MainGame</Filter>
    </ClInclude>
    <ClInclude Include="Macro.h">
      <Filter>헤더 파일</Filter>
    </ClInclude>
    <ClInclude Include="Include.h">
      <Filter>헤더 파일</Filter>
    </ClInclude>
    <ClInclude Include="Extern.h">
      <Filter>헤더 파일</Filter>
    </ClInclude>
    <ClInclude Include="Enum.h">
      <Filter>헤더 파일</Filter>
    </ClInclude>
    <ClInclude Include="Define.h">
      <Filter>헤더 파일</Filter>
    </ClInclude>
    <ClInclude Include="Type.h">
      <Filter>헤더 파일</Filter>
    </ClInclude>
    <ClInclude Include="GraphicDevice.h">
      <Filter>Module\Graphics</Filter>
    </ClInclude>
    <ClInclude Include="Function.h">
      <Filter>헤더 파일</Filter>
    </ClInclude>
    <ClInclude Include="Vertex.h">
      <Filter>Module\Graphics</Filter>
    </ClInclude>
    <ClInclude Include="EngineException.h">
      <Filter>Module\Core</Filter>
    </ClInclude>
    <ClInclude Include="MoonEngine.h">
      <Filter>Module\MoonEngine</Filter>
    </ClInclude>
    <ClInclude Include="SceneComponent.h">
      <Filter>Module\Framework\Component\SceneComponent</Filter>
    </ClInclude>
    <ClInclude Include="PrimitiveComponent.h">
      <Filter>Module\Framework\Component\SceneComponent\PrimitiveCompoent</Filter>
    </ClInclude>
    <ClInclude Include="MeshComponent.h">
      <Filter>Module\Framework\Component\SceneComponent\PrimitiveCompoent\MeshComponent</Filter>
    </ClInclude>
    <ClInclude Include="WindowException.h">
      <Filter>Module\Core</Filter>
    </ClInclude>
    <ClInclude Include="MainGameSetting.h">
      <Filter>Module\Framework\MainGame</Filter>
    </ClInclude>
    <ClInclude Include="TerrainComponent.h">
      <Filter>Module\Framework\Component\SceneComponent\PrimitiveCompoent\TerrainComponent</Filter>
    </ClInclude>
    <ClInclude Include="CameraComponent.h">
      <Filter>Module\Framework\Component\SceneComponent\CameraComponent</Filter>
    </ClInclude>
    <ClInclude Include="Camera.h">
      <Filter>Module\Framework\Actor\Camera</Filter>
    </ClInclude>
    <ClInclude Include="Actor.h">
      <Filter>Module\Framework\Actor</Filter>
    </ClInclude>
    <ClInclude Include="Thread.h">
      <Filter>Module\System\Thread</Filter>
    </ClInclude>
    <ClInclude Include="ThreadPool.h">
      <Filter>Module\System\ThreadPool</Filter>
    </ClInclude>
    <ClInclude Include="Factory.h">
      <Filter>Module\Utility</Filter>
    </ClInclude>
    <ClInclude Include="DirectInput.h">
      <Filter>Module\Input</Filter>
    </ClInclude>
    <ClInclude Include="TextureComponent.h">
      <Filter>Module\Framework\Component</Filter>
    </ClInclude>
    <ClInclude Include="ShaderManager.h">
      <Filter>Module\Graphics\Shader</Filter>
    </ClInclude>
    <ClInclude Include="ShaderLoader.h">
      <Filter>Module\Graphics\Shader</Filter>
    </ClInclude>
    <ClInclude Include="InputLayout.h">
      <Filter>Module\Graphics</Filter>
    </ClInclude>
    <ClInclude Include="FileFinder.h">
      <Filter>Module\Utility</Filter>
    </ClInclude>
    <ClInclude Include="StaticMeshComponent.h">
      <Filter>Module\Framework\Component\SceneComponent\PrimitiveCompoent\MeshComponent\StaticMeshComopnent</Filter>
    </ClInclude>
    <ClInclude Include="FBXLoader.h">
      <Filter>Module\Utility</Filter>
    </ClInclude>
    <ClInclude Include="RenderTarget.h">
      <Filter>Module\Render\RenderTarget</Filter>
    </ClInclude>
    <ClInclude Include="LightComponent.h">
      <Filter>Module\Framework\Component\SceneComponent\LightComponent</Filter>
    </ClInclude>
    <ClInclude Include="PointLightComponent.h">
      <Filter>Module\Framework\Component\SceneComponent\LightComponent\PointLightComponent</Filter>
    </ClInclude>
    <ClInclude Include="TextureSetter.h">
      <Filter>Module\Graphics</Filter>
    </ClInclude>
    <ClInclude Include="ConstantBuffer.h">
      <Filter>Module\Graphics\Buffer</Filter>
    </ClInclude>
    <ClInclude Include="VertexBuffer.h">
      <Filter>Module\Graphics\Buffer</Filter>
    </ClInclude>
    <ClInclude Include="IndexBuffer.h">
      <Filter>Module\Graphics\Buffer</Filter>
    </ClInclude>
    <ClInclude Include="Material.h">
      <Filter>Module\Material</Filter>
    </ClInclude>
    <ClInclude Include="DirectionalLightComponent.h">
      <Filter>Module\Framework\Component\SceneComponent\LightComponent\DirectionalLightComponent</Filter>
    </ClInclude>
    <ClInclude Include="DynamicMeshComponent.h">
      <Filter>Module\Framework\Component\SceneComponent\PrimitiveCompoent\MeshComponent\DynamicMeshComponent</Filter>
    </ClInclude>
    <ClInclude Include="DynamicMeshComponentUtility.h">
      <Filter>Module\Framework\Component\SceneComponent\PrimitiveCompoent\MeshComponent\DynamicMeshComponent</Filter>
    </ClInclude>
    <ClInclude Include="AnimationController.h">
      <Filter>Module\Framework\Component\SceneComponent\PrimitiveCompoent\MeshComponent\DynamicMeshComponent</Filter>
    </ClInclude>
    <ClInclude Include="RenderPass.h">
      <Filter>Module\Render\RenderPass</Filter>
    </ClInclude>
    <ClInclude Include="CombinePass.h">
      <Filter>Module\Render\RenderPass\Combine</Filter>
    </ClInclude>
    <ClInclude Include="Renderer.h">
      <Filter>Module\Render\Renderer</Filter>
    </ClInclude>
    <ClInclude Include="Render.h">
      <Filter>Module\Render</Filter>
    </ClInclude>
    <ClInclude Include="Shader.h">
      <Filter>Module\Graphics\Shader</Filter>
    </ClInclude>
    <ClInclude Include="VertexShader.h">
      <Filter>Module\Graphics\Shader\Vertex</Filter>
    </ClInclude>
    <ClInclude Include="PixelShader.h">
      <Filter>Module\Graphics\Shader\Pixel</Filter>
    </ClInclude>
    <ClInclude Include="SkyComponent.h">
      <Filter>Module\Framework\Component\SceneComponent</Filter>
    </ClInclude>
    <ClInclude Include="World.h">
      <Filter>헤더 파일</Filter>
    </ClInclude>
    <ClInclude Include="GeometryShader.h">
      <Filter>Module\Graphics\Shader\Geometry</Filter>
    </ClInclude>
    <ClInclude Include="Fxaa3_11.hlsli">
      <Filter>Module\Graphics\Shader\Common</Filter>
    </ClInclude>
  </ItemGroup>
  <ItemGroup>
    <ClCompile Include="Timer.cpp">
      <Filter>Module\System\Timer</Filter>
    </ClCompile>
    <ClCompile Include="TimerManager.cpp">
      <Filter>Module\System\Timer</Filter>
    </ClCompile>
    <ClCompile Include="FrameManager.cpp">
      <Filter>Module\System\Frame</Filter>
    </ClCompile>
    <ClCompile Include="WindowManager.cpp">
      <Filter>Module\System\Window</Filter>
    </ClCompile>
    <ClCompile Include="Window.cpp">
      <Filter>Module\System\Window</Filter>
    </ClCompile>
    <ClCompile Include="Component.cpp">
      <Filter>Module\Framework\Component</Filter>
    </ClCompile>
    <ClCompile Include="Launch.cpp">
      <Filter>Module\Launch</Filter>
    </ClCompile>
    <ClCompile Include="MainGame.cpp">
      <Filter>Module\Framework\MainGame</Filter>
    </ClCompile>
    <ClCompile Include="GraphicDevice.cpp">
      <Filter>Module\Graphics</Filter>
    </ClCompile>
    <ClCompile Include="EngineException.cpp">
      <Filter>Module\Core</Filter>
    </ClCompile>
    <ClCompile Include="MoonEngine.cpp">
      <Filter>Module\MoonEngine</Filter>
    </ClCompile>
    <ClCompile Include="SceneComponent.cpp">
      <Filter>Module\Framework\Component\SceneComponent</Filter>
    </ClCompile>
    <ClCompile Include="PrimitiveComponent.cpp">
      <Filter>Module\Framework\Component\SceneComponent\PrimitiveCompoent</Filter>
    </ClCompile>
    <ClCompile Include="MeshComponent.cpp">
      <Filter>Module\Framework\Component\SceneComponent\PrimitiveCompoent\MeshComponent</Filter>
    </ClCompile>
    <ClCompile Include="WindowException.cpp">
      <Filter>Module\Core</Filter>
    </ClCompile>
    <ClCompile Include="TerrainComponent.cpp">
      <Filter>Module\Framework\Component\SceneComponent\PrimitiveCompoent\TerrainComponent</Filter>
    </ClCompile>
    <ClCompile Include="MainGameSetting.cpp">
      <Filter>Module\Framework\MainGame</Filter>
    </ClCompile>
    <ClCompile Include="CameraComponent.cpp">
      <Filter>Module\Framework\Component\SceneComponent\CameraComponent</Filter>
    </ClCompile>
    <ClCompile Include="Camera.cpp">
      <Filter>Module\Framework\Actor\Camera</Filter>
    </ClCompile>
    <ClCompile Include="Actor.cpp">
      <Filter>Module\Framework\Actor</Filter>
    </ClCompile>
    <ClCompile Include="Thread.cpp">
      <Filter>Module\System\Thread</Filter>
    </ClCompile>
    <ClCompile Include="ThreadPool.cpp">
      <Filter>Module\System\ThreadPool</Filter>
    </ClCompile>
    <ClCompile Include="DirectInput.cpp">
      <Filter>Module\Input</Filter>
    </ClCompile>
    <ClCompile Include="TextureComponent.cpp">
      <Filter>Module\Framework\Component</Filter>
    </ClCompile>
    <ClCompile Include="ShaderManager.cpp">
      <Filter>Module\Graphics\Shader</Filter>
    </ClCompile>
    <ClCompile Include="ShaderLoader.cpp">
      <Filter>Module\Graphics\Shader</Filter>
    </ClCompile>
    <ClCompile Include="InputLayout.cpp">
      <Filter>Module\Graphics</Filter>
    </ClCompile>
    <ClCompile Include="FileFinder.cpp">
      <Filter>Module\Utility</Filter>
    </ClCompile>
    <ClCompile Include="StaticMeshComponent.cpp">
      <Filter>Module\Framework\Component\SceneComponent\PrimitiveCompoent\MeshComponent\StaticMeshComopnent</Filter>
    </ClCompile>
    <ClCompile Include="FBXLoader.cpp">
      <Filter>Module\Utility</Filter>
    </ClCompile>
    <ClCompile Include="RenderTarget.cpp">
      <Filter>Module\Render\RenderTarget</Filter>
    </ClCompile>
    <ClCompile Include="LightComponent.cpp">
      <Filter>Module\Framework\Component\SceneComponent\LightComponent</Filter>
    </ClCompile>
    <ClCompile Include="PointLightComponent.cpp">
      <Filter>Module\Framework\Component\SceneComponent\LightComponent\PointLightComponent</Filter>
    </ClCompile>
    <ClCompile Include="TextureSetter.cpp">
      <Filter>Module\Graphics</Filter>
    </ClCompile>
    <ClCompile Include="ConstantBuffer.cpp">
      <Filter>Module\Graphics\Buffer</Filter>
    </ClCompile>
    <ClCompile Include="VertexBuffer.cpp">
      <Filter>Module\Graphics\Buffer</Filter>
    </ClCompile>
    <ClCompile Include="IndexBuffer.cpp">
      <Filter>Module\Graphics\Buffer</Filter>
    </ClCompile>
    <ClCompile Include="Material.cpp">
      <Filter>Module\Material</Filter>
    </ClCompile>
    <ClCompile Include="DirectionalLightComponent.cpp">
      <Filter>Module\Framework\Component\SceneComponent\LightComponent\DirectionalLightComponent</Filter>
    </ClCompile>
    <ClCompile Include="DynamicMeshComponent.cpp">
      <Filter>Module\Framework\Component\SceneComponent\PrimitiveCompoent\MeshComponent\DynamicMeshComponent</Filter>
    </ClCompile>
    <ClCompile Include="DynamicMeshComponentUtility.cpp">
      <Filter>Module\Framework\Component\SceneComponent\PrimitiveCompoent\MeshComponent\DynamicMeshComponent</Filter>
    </ClCompile>
    <ClCompile Include="AnimationController.cpp">
      <Filter>Module\Framework\Component\SceneComponent\PrimitiveCompoent\MeshComponent\DynamicMeshComponent</Filter>
    </ClCompile>
    <ClCompile Include="RenderPass.cpp">
      <Filter>Module\Render\RenderPass</Filter>
    </ClCompile>
    <ClCompile Include="CombinePass.cpp">
      <Filter>Module\Render\RenderPass\Combine</Filter>
    </ClCompile>
    <ClCompile Include="Renderer.cpp">
      <Filter>Module\Render\Renderer</Filter>
    </ClCompile>
    <ClCompile Include="Shader.cpp">
      <Filter>Module\Graphics\Shader</Filter>
    </ClCompile>
    <ClCompile Include="VertexShader.cpp">
      <Filter>Module\Graphics\Shader\Vertex</Filter>
    </ClCompile>
    <ClCompile Include="PixelShader.cpp">
      <Filter>Module\Graphics\Shader\Pixel</Filter>
    </ClCompile>
    <ClCompile Include="SkyComponent.cpp">
      <Filter>Module\Framework\Component\SceneComponent</Filter>
    </ClCompile>
    <ClCompile Include="World.cpp" />
    <ClCompile Include="GeometryShader.cpp">
      <Filter>Module\Graphics\Shader\Geometry</Filter>
    </ClCompile>
  </ItemGroup>
  <ItemGroup>
    <FxCompile Include="TexVertexShader.hlsl">
      <Filter>Module\Graphics\Shader\Vertex\hlsl</Filter>
    </FxCompile>
    <FxCompile Include="DepthPre.hlsl">
      <Filter>Module\Graphics\Shader\Vertex\hlsl</Filter>
    </FxCompile>
    <FxCompile Include="VertexShader.hlsl">
      <Filter>Module\Graphics\Shader\Vertex\hlsl</Filter>
    </FxCompile>
    <FxCompile Include="TexPixelShader.hlsl">
      <Filter>Module\Graphics\Shader\Pixel\hlsl</Filter>
    </FxCompile>
    <FxCompile Include="DeferredShader.hlsl">
      <Filter>Module\Graphics\Shader\Pixel\hlsl</Filter>
    </FxCompile>
    <FxCompile Include="DirectionalLightShader.hlsl">
      <Filter>Module\Graphics\Shader\Pixel\hlsl</Filter>
    </FxCompile>
    <FxCompile Include="PixelShader.hlsl">
      <Filter>Module\Graphics\Shader\Pixel\hlsl</Filter>
    </FxCompile>
    <FxCompile Include="PointLightShader.hlsl">
      <Filter>Module\Graphics\Shader\Pixel\hlsl</Filter>
    </FxCompile>
    <FxCompile Include="SkyPixelShader.hlsl">
      <Filter>Module\Graphics\Shader\Pixel\hlsl</Filter>
    </FxCompile>
    <FxCompile Include="Deferred.hlsl">
      <Filter>Module\Graphics\Shader\Vertex\hlsl</Filter>
    </FxCompile>
    <FxCompile Include="Light.hlsl">
      <Filter>Module\Graphics\Shader\Vertex\hlsl</Filter>
    </FxCompile>
    <FxCompile Include="TexAnimVertexShader.hlsl">
      <Filter>Module\Graphics\Shader\Vertex\hlsl</Filter>
    </FxCompile>
    <FxCompile Include="Bone.hlsl">
      <Filter>Module\Graphics\Shader\Vertex\hlsl</Filter>
    </FxCompile>
    <FxCompile Include="ShadowDepth.hlsl">
      <Filter>Module\Graphics\Shader\Vertex\hlsl</Filter>
    </FxCompile>
    <FxCompile Include="ShadowDepthPixel.hlsl">
      <Filter>Module\Graphics\Shader\Pixel\hlsl</Filter>
    </FxCompile>
    <FxCompile Include="ShadowDepthGS.hlsl">
      <Filter>Module\Graphics\Shader\Geometry\hlsl</Filter>
    </FxCompile>
  </ItemGroup>
  <ItemGroup>
    <None Include="VSCommon.hlsli">
      <Filter>Module\Graphics\Shader\Vertex\hlsl</Filter>
    </None>
    <None Include="PSCommon.hlsli">
      <Filter>Module\Graphics\Shader\Pixel\hlsl</Filter>
    </None>
    <None Include="Common.hlsli">
      <Filter>Module\Graphics\Shader\Common</Filter>
    </None>
    <None Include="GSCommon.hlsli">
      <Filter>Module\Graphics\Shader\Geometry\hlsl</Filter>
    </None>
  </ItemGroup>
</Project>